
Microsoft Visual Studio Solution File, Format Version 12.00
# Visual Studio Version 16
VisualStudioVersion = 16.0.29926.136
MinimumVisualStudioVersion = 10.0.40219.1
Project("{FAE04EC0-301F-11D3-BF4B-00C04F79EFBC}") = "Lesson-10 CC MethodAdv_Access", "Lesson-10 CC MethodAdv_Access\Lesson-10 CC MethodAdv_Access.csproj", "{D961846F-4EFA-4999-84FE-2FC4216A778B}"
EndProject
Project("{FAE04EC0-301F-11D3-BF4B-00C04F79EFBC}") = "Lesson-10-CC-Access Modifiers", "Lesson-10-CC-Access Modifiers\Lesson-10-CC-Access Modifiers.csproj", "{C23D9069-7ED5-4A12-9409-85487902F5EC}"
EndProject
Global
	GlobalSection(SolutionConfigurationPlatforms) = preSolution
		Debug|Any CPU = Debug|Any CPU
		Release|Any CPU = Release|Any CPU
	EndGlobalSection
	GlobalSection(ProjectConfigurationPlatforms) = postSolution
		{D961846F-4EFA-4999-84FE-2FC4216A778B}.Debug|Any CPU.ActiveCfg = Debug|Any CPU
		{D961846F-4EFA-4999-84FE-2FC4216A778B}.Debug|Any CPU.Build.0 = Debug|Any CPU
		{D961846F-4EFA-4999-84FE-2FC4216A778B}.Release|Any CPU.ActiveCfg = Release|Any CPU
		{D961846F-4EFA-4999-84FE-2FC4216A778B}.Release|Any CPU.Build.0 = Release|Any CPU
		{C23D9069-7ED5-4A12-9409-85487902F5EC}.Debug|Any CPU.ActiveCfg = Debug|Any CPU
		{C23D9069-7ED5-4A12-9409-85487902F5EC}.Debug|Any CPU.Build.0 = Debug|Any CPU
		{C23D9069-7ED5-4A12-9409-85487902F5EC}.Release|Any CPU.ActiveCfg = Release|Any CPU
		{C23D9069-7ED5-4A12-9409-85487902F5EC}.Release|Any CPU.Build.0 = Release|Any CPU
	EndGlobalSection
	GlobalSection(SolutionProperties) = preSolution
		HideSolutionNode = FALSE
	EndGlobalSection
	GlobalSection(ExtensibilityGlobals) = postSolution
		SolutionGuid = {981205F5-3E4B-4A72-B3BD-92126D2E74A1}
	EndGlobalSection
EndGlobal
